// !$*UTF8*$!
{
	archiveVersion = 1;
	classes = {
	};
	objectVersion = 50;
	objects = {

/* Begin PBXBuildFile section */
		7A5486A604CB02A2F91945D9 /* Pods_TicTacToe.framework in Frameworks */ = {isa = PBXBuildFile; fileRef = 6B1C563C30BFF57DB7E77B50 /* Pods_TicTacToe.framework */; };
		7B49E8C930DF27B32658FCD8 /* Pods_TicTacToe_TicTacToeUITests.framework in Frameworks */ = {isa = PBXBuildFile; fileRef = 61F6FD2583645322F035027F /* Pods_TicTacToe_TicTacToeUITests.framework */; };
		E960EFCC3F35B60D23642770 /* Pods_TicTacToeTests.framework in Frameworks */ = {isa = PBXBuildFile; fileRef = 3FC7367FC364CAA984A91B53 /* Pods_TicTacToeTests.framework */; };
		F0E648EB269AB6E600C07B45 /* AppDelegate.swift in Sources */ = {isa = PBXBuildFile; fileRef = F0E648EA269AB6E600C07B45 /* AppDelegate.swift */; };
		F0E648ED269AB6E600C07B45 /* SceneDelegate.swift in Sources */ = {isa = PBXBuildFile; fileRef = F0E648EC269AB6E600C07B45 /* SceneDelegate.swift */; };
		F0E648EF269AB6E600C07B45 /* BoardViewController.swift in Sources */ = {isa = PBXBuildFile; fileRef = F0E648EE269AB6E600C07B45 /* BoardViewController.swift */; };
		F0E648F2269AB6E600C07B45 /* Board.storyboard in Resources */ = {isa = PBXBuildFile; fileRef = F0E648F0269AB6E600C07B45 /* Board.storyboard */; };
		F0E648F4269AB6E900C07B45 /* Assets.xcassets in Resources */ = {isa = PBXBuildFile; fileRef = F0E648F3269AB6E900C07B45 /* Assets.xcassets */; };
		F0E648F7269AB6E900C07B45 /* LaunchScreen.storyboard in Resources */ = {isa = PBXBuildFile; fileRef = F0E648F5269AB6E900C07B45 /* LaunchScreen.storyboard */; };
		F0E64902269AB6E900C07B45 /* GameTests.swift in Sources */ = {isa = PBXBuildFile; fileRef = F0E64901269AB6E900C07B45 /* GameTests.swift */; };
		F0E6490D269AB6E900C07B45 /* TicTacToeUITests.swift in Sources */ = {isa = PBXBuildFile; fileRef = F0E6490C269AB6E900C07B45 /* TicTacToeUITests.swift */; };
		F0E64927269AFE5000C07B45 /* Game.swift in Sources */ = {isa = PBXBuildFile; fileRef = F0E64926269AFE5000C07B45 /* Game.swift */; };
		F0E6492B269B0F6400C07B45 /* GameFactory.swift in Sources */ = {isa = PBXBuildFile; fileRef = F0E6492A269B0F6400C07B45 /* GameFactory.swift */; };
/* End PBXBuildFile section */

/* Begin PBXContainerItemProxy section */
		F0E648FE269AB6E900C07B45 /* PBXContainerItemProxy */ = {
			isa = PBXContainerItemProxy;
			containerPortal = F0E648DF269AB6E600C07B45 /* Project object */;
			proxyType = 1;
			remoteGlobalIDString = F0E648E6269AB6E600C07B45;
			remoteInfo = TicTacToe;
		};
		F0E64909269AB6E900C07B45 /* PBXContainerItemProxy */ = {
			isa = PBXContainerItemProxy;
			containerPortal = F0E648DF269AB6E600C07B45 /* Project object */;
			proxyType = 1;
			remoteGlobalIDString = F0E648E6269AB6E600C07B45;
			remoteInfo = TicTacToe;
		};
/* End PBXContainerItemProxy section */

/* Begin PBXFileReference section */
		30C4E12ED1E23958C7F66B45 /* Pods-TicTacToeTests.release.xcconfig */ = {isa = PBXFileReference; includeInIndex = 1; lastKnownFileType = text.xcconfig; name = "Pods-TicTacToeTests.release.xcconfig"; path = "Target Support Files/Pods-TicTacToeTests/Pods-TicTacToeTests.release.xcconfig"; sourceTree = "<group>"; };
		367EAB6475AD3F73AD1E6E2E /* Pods-TicTacToe-TicTacToeUITests.release.xcconfig */ = {isa = PBXFileReference; includeInIndex = 1; lastKnownFileType = text.xcconfig; name = "Pods-TicTacToe-TicTacToeUITests.release.xcconfig"; path = "Target Support Files/Pods-TicTacToe-TicTacToeUITests/Pods-TicTacToe-TicTacToeUITests.release.xcconfig"; sourceTree = "<group>"; };
		3FC7367FC364CAA984A91B53 /* Pods_TicTacToeTests.framework */ = {isa = PBXFileReference; explicitFileType = wrapper.framework; includeInIndex = 0; path = Pods_TicTacToeTests.framework; sourceTree = BUILT_PRODUCTS_DIR; };
		5E95C0D27A5E2BB0131EC57F /* Pods-TicTacToe.debug.xcconfig */ = {isa = PBXFileReference; includeInIndex = 1; lastKnownFileType = text.xcconfig; name = "Pods-TicTacToe.debug.xcconfig"; path = "Target Support Files/Pods-TicTacToe/Pods-TicTacToe.debug.xcconfig"; sourceTree = "<group>"; };
		61F6FD2583645322F035027F /* Pods_TicTacToe_TicTacToeUITests.framework */ = {isa = PBXFileReference; explicitFileType = wrapper.framework; includeInIndex = 0; path = Pods_TicTacToe_TicTacToeUITests.framework; sourceTree = BUILT_PRODUCTS_DIR; };
		6B1C563C30BFF57DB7E77B50 /* Pods_TicTacToe.framework */ = {isa = PBXFileReference; explicitFileType = wrapper.framework; includeInIndex = 0; path = Pods_TicTacToe.framework; sourceTree = BUILT_PRODUCTS_DIR; };
		81A4C43EBE15A42D8AE1343B /* Pods-TicTacToe-TicTacToeUITests.debug.xcconfig */ = {isa = PBXFileReference; includeInIndex = 1; lastKnownFileType = text.xcconfig; name = "Pods-TicTacToe-TicTacToeUITests.debug.xcconfig"; path = "Target Support Files/Pods-TicTacToe-TicTacToeUITests/Pods-TicTacToe-TicTacToeUITests.debug.xcconfig"; sourceTree = "<group>"; };
		84D4E3BD551B87ADC25A02CA /* Pods-TicTacToeTests.debug.xcconfig */ = {isa = PBXFileReference; includeInIndex = 1; lastKnownFileType = text.xcconfig; name = "Pods-TicTacToeTests.debug.xcconfig"; path = "Target Support Files/Pods-TicTacToeTests/Pods-TicTacToeTests.debug.xcconfig"; sourceTree = "<group>"; };
		8FDD0BBBB2B98F04B79073D9 /* Pods-TicTacToe.release.xcconfig */ = {isa = PBXFileReference; includeInIndex = 1; lastKnownFileType = text.xcconfig; name = "Pods-TicTacToe.release.xcconfig"; path = "Target Support Files/Pods-TicTacToe/Pods-TicTacToe.release.xcconfig"; sourceTree = "<group>"; };
		F0E648E7269AB6E600C07B45 /* TicTacToe.app */ = {isa = PBXFileReference; explicitFileType = wrapper.application; includeInIndex = 0; path = TicTacToe.app; sourceTree = BUILT_PRODUCTS_DIR; };
		F0E648EA269AB6E600C07B45 /* AppDelegate.swift */ = {isa = PBXFileReference; lastKnownFileType = sourcecode.swift; path = AppDelegate.swift; sourceTree = "<group>"; };
		F0E648EC269AB6E600C07B45 /* SceneDelegate.swift */ = {isa = PBXFileReference; lastKnownFileType = sourcecode.swift; path = SceneDelegate.swift; sourceTree = "<group>"; };
		F0E648EE269AB6E600C07B45 /* BoardViewController.swift */ = {isa = PBXFileReference; lastKnownFileType = sourcecode.swift; path = BoardViewController.swift; sourceTree = "<group>"; };
		F0E648F1269AB6E600C07B45 /* Base */ = {isa = PBXFileReference; lastKnownFileType = file.storyboard; name = Base; path = Base.lproj/Board.storyboard; sourceTree = "<group>"; };
		F0E648F3269AB6E900C07B45 /* Assets.xcassets */ = {isa = PBXFileReference; lastKnownFileType = folder.assetcatalog; path = Assets.xcassets; sourceTree = "<group>"; };
		F0E648F6269AB6E900C07B45 /* Base */ = {isa = PBXFileReference; lastKnownFileType = file.storyboard; name = Base; path = Base.lproj/LaunchScreen.storyboard; sourceTree = "<group>"; };
		F0E648F8269AB6E900C07B45 /* Info.plist */ = {isa = PBXFileReference; lastKnownFileType = text.plist.xml; path = Info.plist; sourceTree = "<group>"; };
		F0E648FD269AB6E900C07B45 /* TicTacToeTests.xctest */ = {isa = PBXFileReference; explicitFileType = wrapper.cfbundle; includeInIndex = 0; path = TicTacToeTests.xctest; sourceTree = BUILT_PRODUCTS_DIR; };
		F0E64901269AB6E900C07B45 /* GameTests.swift */ = {isa = PBXFileReference; lastKnownFileType = sourcecode.swift; path = GameTests.swift; sourceTree = "<group>"; };
		F0E64903269AB6E900C07B45 /* Info.plist */ = {isa = PBXFileReference; lastKnownFileType = text.plist.xml; path = Info.plist; sourceTree = "<group>"; };
		F0E64908269AB6E900C07B45 /* TicTacToeUITests.xctest */ = {isa = PBXFileReference; explicitFileType = wrapper.cfbundle; includeInIndex = 0; path = TicTacToeUITests.xctest; sourceTree = BUILT_PRODUCTS_DIR; };
		F0E6490C269AB6E900C07B45 /* TicTacToeUITests.swift */ = {isa = PBXFileReference; lastKnownFileType = sourcecode.swift; path = TicTacToeUITests.swift; sourceTree = "<group>"; };
		F0E6490E269AB6E900C07B45 /* Info.plist */ = {isa = PBXFileReference; lastKnownFileType = text.plist.xml; path = Info.plist; sourceTree = "<group>"; };
		F0E64926269AFE5000C07B45 /* Game.swift */ = {isa = PBXFileReference; lastKnownFileType = sourcecode.swift; path = Game.swift; sourceTree = "<group>"; };
		F0E6492A269B0F6400C07B45 /* GameFactory.swift */ = {isa = PBXFileReference; lastKnownFileType = sourcecode.swift; path = GameFactory.swift; sourceTree = "<group>"; };
/* End PBXFileReference section */

/* Begin PBXFrameworksBuildPhase section */
		F0E648E4269AB6E600C07B45 /* Frameworks */ = {
			isa = PBXFrameworksBuildPhase;
			buildActionMask = 2147483647;
			files = (
				7A5486A604CB02A2F91945D9 /* Pods_TicTacToe.framework in Frameworks */,
			);
			runOnlyForDeploymentPostprocessing = 0;
		};
		F0E648FA269AB6E900C07B45 /* Frameworks */ = {
			isa = PBXFrameworksBuildPhase;
			buildActionMask = 2147483647;
			files = (
				E960EFCC3F35B60D23642770 /* Pods_TicTacToeTests.framework in Frameworks */,
			);
			runOnlyForDeploymentPostprocessing = 0;
		};
		F0E64905269AB6E900C07B45 /* Frameworks */ = {
			isa = PBXFrameworksBuildPhase;
			buildActionMask = 2147483647;
			files = (
				7B49E8C930DF27B32658FCD8 /* Pods_TicTacToe_TicTacToeUITests.framework in Frameworks */,
			);
			runOnlyForDeploymentPostprocessing = 0;
		};
/* End PBXFrameworksBuildPhase section */

/* Begin PBXGroup section */
		9C191E826BD09F4AD2EEA234 /* Pods */ = {
			isa = PBXGroup;
			children = (
				5E95C0D27A5E2BB0131EC57F /* Pods-TicTacToe.debug.xcconfig */,
				8FDD0BBBB2B98F04B79073D9 /* Pods-TicTacToe.release.xcconfig */,
				81A4C43EBE15A42D8AE1343B /* Pods-TicTacToe-TicTacToeUITests.debug.xcconfig */,
				367EAB6475AD3F73AD1E6E2E /* Pods-TicTacToe-TicTacToeUITests.release.xcconfig */,
				84D4E3BD551B87ADC25A02CA /* Pods-TicTacToeTests.debug.xcconfig */,
				30C4E12ED1E23958C7F66B45 /* Pods-TicTacToeTests.release.xcconfig */,
			);
			path = Pods;
			sourceTree = "<group>";
		};
		AA8B45399DD3EE6D1FBAD703 /* Frameworks */ = {
			isa = PBXGroup;
			children = (
				6B1C563C30BFF57DB7E77B50 /* Pods_TicTacToe.framework */,
				61F6FD2583645322F035027F /* Pods_TicTacToe_TicTacToeUITests.framework */,
				3FC7367FC364CAA984A91B53 /* Pods_TicTacToeTests.framework */,
			);
			name = Frameworks;
			sourceTree = "<group>";
		};
		F0E648DE269AB6E600C07B45 = {
			isa = PBXGroup;
			children = (
				F0E648E9269AB6E600C07B45 /* TicTacToe */,
				F0E64900269AB6E900C07B45 /* TicTacToeTests */,
				F0E6490B269AB6E900C07B45 /* TicTacToeUITests */,
				F0E648E8269AB6E600C07B45 /* Products */,
				9C191E826BD09F4AD2EEA234 /* Pods */,
				AA8B45399DD3EE6D1FBAD703 /* Frameworks */,
			);
			sourceTree = "<group>";
		};
		F0E648E8269AB6E600C07B45 /* Products */ = {
			isa = PBXGroup;
			children = (
				F0E648E7269AB6E600C07B45 /* TicTacToe.app */,
				F0E648FD269AB6E900C07B45 /* TicTacToeTests.xctest */,
				F0E64908269AB6E900C07B45 /* TicTacToeUITests.xctest */,
			);
			name = Products;
			sourceTree = "<group>";
		};
		F0E648E9269AB6E600C07B45 /* TicTacToe */ = {
			isa = PBXGroup;
			children = (
				F0E64925269ABCA700C07B45 /* Enums */,
				F0E64924269ABCA300C07B45 /* Extensions */,
				F0E64923269ABC9F00C07B45 /* Models */,
				F0E64922269ABC9900C07B45 /* Protocols */,
				F0E64921269ABC9300C07B45 /* Resources */,
				F0E64920269ABC8D00C07B45 /* Startup */,
				F0E6491F269ABC8600C07B45 /* Storyboards */,
				F0E6491E269ABC8000C07B45 /* Supporting Files */,
				F0E6491C269ABC7000C07B45 /* ViewControllers */,
				F0E6491D269ABC7700C07B45 /* ViewModels */,
				F0E6491B269ABC6900C07B45 /* Views */,
			);
			path = TicTacToe;
			sourceTree = "<group>";
		};
		F0E64900269AB6E900C07B45 /* TicTacToeTests */ = {
			isa = PBXGroup;
			children = (
				F0E64929269B0F5900C07B45 /* MockClasses */,
				F0E64928269B0F4B00C07B45 /* Model */,
				F0E64903269AB6E900C07B45 /* Info.plist */,
			);
			path = TicTacToeTests;
			sourceTree = "<group>";
		};
		F0E6490B269AB6E900C07B45 /* TicTacToeUITests */ = {
			isa = PBXGroup;
			children = (
				F0E6490C269AB6E900C07B45 /* TicTacToeUITests.swift */,
				F0E6490E269AB6E900C07B45 /* Info.plist */,
			);
			path = TicTacToeUITests;
			sourceTree = "<group>";
		};
		F0E6491B269ABC6900C07B45 /* Views */ = {
			isa = PBXGroup;
			children = (
			);
			path = Views;
			sourceTree = "<group>";
		};
		F0E6491C269ABC7000C07B45 /* ViewControllers */ = {
			isa = PBXGroup;
			children = (
				F0E648EE269AB6E600C07B45 /* BoardViewController.swift */,
			);
			path = ViewControllers;
			sourceTree = "<group>";
		};
		F0E6491D269ABC7700C07B45 /* ViewModels */ = {
			isa = PBXGroup;
			children = (
			);
			path = ViewModels;
			sourceTree = "<group>";
		};
		F0E6491E269ABC8000C07B45 /* Supporting Files */ = {
			isa = PBXGroup;
			children = (
				F0E648F8269AB6E900C07B45 /* Info.plist */,
			);
			path = "Supporting Files";
			sourceTree = "<group>";
		};
		F0E6491F269ABC8600C07B45 /* Storyboards */ = {
			isa = PBXGroup;
			children = (
				F0E648F0269AB6E600C07B45 /* Board.storyboard */,
			);
			path = Storyboards;
			sourceTree = "<group>";
		};
		F0E64920269ABC8D00C07B45 /* Startup */ = {
			isa = PBXGroup;
			children = (
				F0E648EA269AB6E600C07B45 /* AppDelegate.swift */,
				F0E648EC269AB6E600C07B45 /* SceneDelegate.swift */,
				F0E648F5269AB6E900C07B45 /* LaunchScreen.storyboard */,
			);
			path = Startup;
			sourceTree = "<group>";
		};
		F0E64921269ABC9300C07B45 /* Resources */ = {
			isa = PBXGroup;
			children = (
				F0E648F3269AB6E900C07B45 /* Assets.xcassets */,
			);
			path = Resources;
			sourceTree = "<group>";
		};
		F0E64922269ABC9900C07B45 /* Protocols */ = {
			isa = PBXGroup;
			children = (
			);
			path = Protocols;
			sourceTree = "<group>";
		};
		F0E64923269ABC9F00C07B45 /* Models */ = {
			isa = PBXGroup;
			children = (
				F0E64926269AFE5000C07B45 /* Game.swift */,
			);
			path = Models;
			sourceTree = "<group>";
		};
		F0E64924269ABCA300C07B45 /* Extensions */ = {
			isa = PBXGroup;
			children = (
			);
			path = Extensions;
			sourceTree = "<group>";
		};
		F0E64925269ABCA700C07B45 /* Enums */ = {
			isa = PBXGroup;
			children = (
			);
			path = Enums;
			sourceTree = "<group>";
		};
		F0E64928269B0F4B00C07B45 /* Model */ = {
			isa = PBXGroup;
			children = (
				F0E64901269AB6E900C07B45 /* GameTests.swift */,
			);
			path = Model;
			sourceTree = "<group>";
		};
		F0E64929269B0F5900C07B45 /* MockClasses */ = {
			isa = PBXGroup;
			children = (
				F0E6492A269B0F6400C07B45 /* GameFactory.swift */,
			);
			path = MockClasses;
			sourceTree = "<group>";
		};
/* End PBXGroup section */

/* Begin PBXNativeTarget section */
		F0E648E6269AB6E600C07B45 /* TicTacToe */ = {
			isa = PBXNativeTarget;
			buildConfigurationList = F0E64911269AB6E900C07B45 /* Build configuration list for PBXNativeTarget "TicTacToe" */;
			buildPhases = (
				F9B92CCB001A6565218278B4 /* [CP] Check Pods Manifest.lock */,
				F0E648E3269AB6E600C07B45 /* Sources */,
				F0E648E4269AB6E600C07B45 /* Frameworks */,
				F0E648E5269AB6E600C07B45 /* Resources */,
				F0E6491A269AB9B700C07B45 /* Swiftlint */,
			);
			buildRules = (
			);
			dependencies = (
			);
			name = TicTacToe;
			productName = TicTacToe;
			productReference = F0E648E7269AB6E600C07B45 /* TicTacToe.app */;
			productType = "com.apple.product-type.application";
		};
		F0E648FC269AB6E900C07B45 /* TicTacToeTests */ = {
			isa = PBXNativeTarget;
			buildConfigurationList = F0E64914269AB6E900C07B45 /* Build configuration list for PBXNativeTarget "TicTacToeTests" */;
			buildPhases = (
				BE726DAF776856DB466C3CFC /* [CP] Check Pods Manifest.lock */,
				F0E648F9269AB6E900C07B45 /* Sources */,
				F0E648FA269AB6E900C07B45 /* Frameworks */,
				F0E648FB269AB6E900C07B45 /* Resources */,
			);
			buildRules = (
			);
			dependencies = (
				F0E648FF269AB6E900C07B45 /* PBXTargetDependency */,
			);
			name = TicTacToeTests;
			productName = TicTacToeTests;
			productReference = F0E648FD269AB6E900C07B45 /* TicTacToeTests.xctest */;
			productType = "com.apple.product-type.bundle.unit-test";
		};
		F0E64907269AB6E900C07B45 /* TicTacToeUITests */ = {
			isa = PBXNativeTarget;
			buildConfigurationList = F0E64917269AB6E900C07B45 /* Build configuration list for PBXNativeTarget "TicTacToeUITests" */;
			buildPhases = (
				14A327E105260CF10EB7E073 /* [CP] Check Pods Manifest.lock */,
				F0E64904269AB6E900C07B45 /* Sources */,
				F0E64905269AB6E900C07B45 /* Frameworks */,
				F0E64906269AB6E900C07B45 /* Resources */,
			);
			buildRules = (
			);
			dependencies = (
				F0E6490A269AB6E900C07B45 /* PBXTargetDependency */,
			);
			name = TicTacToeUITests;
			productName = TicTacToeUITests;
			productReference = F0E64908269AB6E900C07B45 /* TicTacToeUITests.xctest */;
			productType = "com.apple.product-type.bundle.ui-testing";
		};
/* End PBXNativeTarget section */

/* Begin PBXProject section */
		F0E648DF269AB6E600C07B45 /* Project object */ = {
			isa = PBXProject;
			attributes = {
				LastSwiftUpdateCheck = 1250;
				LastUpgradeCheck = 1250;
				TargetAttributes = {
					F0E648E6269AB6E600C07B45 = {
						CreatedOnToolsVersion = 12.5;
					};
					F0E648FC269AB6E900C07B45 = {
						CreatedOnToolsVersion = 12.5;
						TestTargetID = F0E648E6269AB6E600C07B45;
					};
					F0E64907269AB6E900C07B45 = {
						CreatedOnToolsVersion = 12.5;
						TestTargetID = F0E648E6269AB6E600C07B45;
					};
				};
			};
			buildConfigurationList = F0E648E2269AB6E600C07B45 /* Build configuration list for PBXProject "TicTacToe" */;
			compatibilityVersion = "Xcode 9.3";
			developmentRegion = en;
			hasScannedForEncodings = 0;
			knownRegions = (
				en,
				Base,
			);
			mainGroup = F0E648DE269AB6E600C07B45;
			productRefGroup = F0E648E8269AB6E600C07B45 /* Products */;
			projectDirPath = "";
			projectRoot = "";
			targets = (
				F0E648E6269AB6E600C07B45 /* TicTacToe */,
				F0E648FC269AB6E900C07B45 /* TicTacToeTests */,
				F0E64907269AB6E900C07B45 /* TicTacToeUITests */,
			);
		};
/* End PBXProject section */

/* Begin PBXResourcesBuildPhase section */
		F0E648E5269AB6E600C07B45 /* Resources */ = {
			isa = PBXResourcesBuildPhase;
			buildActionMask = 2147483647;
			files = (
				F0E648F7269AB6E900C07B45 /* LaunchScreen.storyboard in Resources */,
				F0E648F4269AB6E900C07B45 /* Assets.xcassets in Resources */,
				F0E648F2269AB6E600C07B45 /* Board.storyboard in Resources */,
			);
			runOnlyForDeploymentPostprocessing = 0;
		};
		F0E648FB269AB6E900C07B45 /* Resources */ = {
			isa = PBXResourcesBuildPhase;
			buildActionMask = 2147483647;
			files = (
			);
			runOnlyForDeploymentPostprocessing = 0;
		};
		F0E64906269AB6E900C07B45 /* Resources */ = {
			isa = PBXResourcesBuildPhase;
			buildActionMask = 2147483647;
			files = (
			);
			runOnlyForDeploymentPostprocessing = 0;
		};
/* End PBXResourcesBuildPhase section */

/* Begin PBXShellScriptBuildPhase section */
		14A327E105260CF10EB7E073 /* [CP] Check Pods Manifest.lock */ = {
			isa = PBXShellScriptBuildPhase;
			buildActionMask = 2147483647;
			files = (
			);
			inputFileListPaths = (
			);
			inputPaths = (
				"${PODS_PODFILE_DIR_PATH}/Podfile.lock",
				"${PODS_ROOT}/Manifest.lock",
			);
			name = "[CP] Check Pods Manifest.lock";
			outputFileListPaths = (
			);
			outputPaths = (
				"$(DERIVED_FILE_DIR)/Pods-TicTacToe-TicTacToeUITests-checkManifestLockResult.txt",
			);
			runOnlyForDeploymentPostprocessing = 0;
			shellPath = /bin/sh;
			shellScript = "diff \"${PODS_PODFILE_DIR_PATH}/Podfile.lock\" \"${PODS_ROOT}/Manifest.lock\" > /dev/null\nif [ $? != 0 ] ; then\n    # print error to STDERR\n    echo \"error: The sandbox is not in sync with the Podfile.lock. Run 'pod install' or update your CocoaPods installation.\" >&2\n    exit 1\nfi\n# This output is used by Xcode 'outputs' to avoid re-running this script phase.\necho \"SUCCESS\" > \"${SCRIPT_OUTPUT_FILE_0}\"\n";
			showEnvVarsInLog = 0;
		};
		BE726DAF776856DB466C3CFC /* [CP] Check Pods Manifest.lock */ = {
			isa = PBXShellScriptBuildPhase;
			buildActionMask = 2147483647;
			files = (
			);
			inputFileListPaths = (
			);
			inputPaths = (
				"${PODS_PODFILE_DIR_PATH}/Podfile.lock",
				"${PODS_ROOT}/Manifest.lock",
			);
			name = "[CP] Check Pods Manifest.lock";
			outputFileListPaths = (
			);
			outputPaths = (
				"$(DERIVED_FILE_DIR)/Pods-TicTacToeTests-checkManifestLockResult.txt",
			);
			runOnlyForDeploymentPostprocessing = 0;
			shellPath = /bin/sh;
			shellScript = "diff \"${PODS_PODFILE_DIR_PATH}/Podfile.lock\" \"${PODS_ROOT}/Manifest.lock\" > /dev/null\nif [ $? != 0 ] ; then\n    # print error to STDERR\n    echo \"error: The sandbox is not in sync with the Podfile.lock. Run 'pod install' or update your CocoaPods installation.\" >&2\n    exit 1\nfi\n# This output is used by Xcode 'outputs' to avoid re-running this script phase.\necho \"SUCCESS\" > \"${SCRIPT_OUTPUT_FILE_0}\"\n";
			showEnvVarsInLog = 0;
		};
		F0E6491A269AB9B700C07B45 /* Swiftlint */ = {
			isa = PBXShellScriptBuildPhase;
			buildActionMask = 2147483647;
			files = (
			);
			inputFileListPaths = (
			);
			inputPaths = (
			);
			name = Swiftlint;
			outputFileListPaths = (
			);
			outputPaths = (
			);
			runOnlyForDeploymentPostprocessing = 0;
			shellPath = /bin/sh;
			shellScript = "\"${PODS_ROOT}/SwiftLint/swiftlint\"\n";
		};
		F9B92CCB001A6565218278B4 /* [CP] Check Pods Manifest.lock */ = {
			isa = PBXShellScriptBuildPhase;
			buildActionMask = 2147483647;
			files = (
			);
			inputFileListPaths = (
			);
			inputPaths = (
				"${PODS_PODFILE_DIR_PATH}/Podfile.lock",
				"${PODS_ROOT}/Manifest.lock",
			);
			name = "[CP] Check Pods Manifest.lock";
			outputFileListPaths = (
			);
			outputPaths = (
				"$(DERIVED_FILE_DIR)/Pods-TicTacToe-checkManifestLockResult.txt",
			);
			runOnlyForDeploymentPostprocessing = 0;
			shellPath = /bin/sh;
			shellScript = "diff \"${PODS_PODFILE_DIR_PATH}/Podfile.lock\" \"${PODS_ROOT}/Manifest.lock\" > /dev/null\nif [ $? != 0 ] ; then\n    # print error to STDERR\n    echo \"error: The sandbox is not in sync with the Podfile.lock. Run 'pod install' or update your CocoaPods installation.\" >&2\n    exit 1\nfi\n# This output is used by Xcode 'outputs' to avoid re-running this script phase.\necho \"SUCCESS\" > \"${SCRIPT_OUTPUT_FILE_0}\"\n";
			showEnvVarsInLog = 0;
		};
/* End PBXShellScriptBuildPhase section */

/* Begin PBXSourcesBuildPhase section */
		F0E648E3269AB6E600C07B45 /* Sources */ = {
			isa = PBXSourcesBuildPhase;
			buildActionMask = 2147483647;
			files = (
				F0E648EF269AB6E600C07B45 /* BoardViewController.swift in Sources */,
				F0E648EB269AB6E600C07B45 /* AppDelegate.swift in Sources */,
				F0E648ED269AB6E600C07B45 /* SceneDelegate.swift in Sources */,
				F0E64927269AFE5000C07B45 /* Game.swift in Sources */,
			);
			runOnlyForDeploymentPostprocessing = 0;
		};
		F0E648F9269AB6E900C07B45 /* Sources */ = {
			isa = PBXSourcesBuildPhase;
			buildActionMask = 2147483647;
			files = (
				F0E6492B269B0F6400C07B45 /* GameFactory.swift in Sources */,
				F0E64902269AB6E900C07B45 /* GameTests.swift in Sources */,
			);
			runOnlyForDeploymentPostprocessing = 0;
		};
		F0E64904269AB6E900C07B45 /* Sources */ = {
			isa = PBXSourcesBuildPhase;
			buildActionMask = 2147483647;
			files = (
				F0E6490D269AB6E900C07B45 /* TicTacToeUITests.swift in Sources */,
			);
			runOnlyForDeploymentPostprocessing = 0;
		};
/* End PBXSourcesBuildPhase section */

/* Begin PBXTargetDependency section */
		F0E648FF269AB6E900C07B45 /* PBXTargetDependency */ = {
			isa = PBXTargetDependency;
			target = F0E648E6269AB6E600C07B45 /* TicTacToe */;
			targetProxy = F0E648FE269AB6E900C07B45 /* PBXContainerItemProxy */;
		};
		F0E6490A269AB6E900C07B45 /* PBXTargetDependency */ = {
			isa = PBXTargetDependency;
			target = F0E648E6269AB6E600C07B45 /* TicTacToe */;
			targetProxy = F0E64909269AB6E900C07B45 /* PBXContainerItemProxy */;
		};
/* End PBXTargetDependency section */

/* Begin PBXVariantGroup section */
		F0E648F0269AB6E600C07B45 /* Board.storyboard */ = {
			isa = PBXVariantGroup;
			children = (
				F0E648F1269AB6E600C07B45 /* Base */,
			);
			name = Board.storyboard;
			sourceTree = "<group>";
		};
		F0E648F5269AB6E900C07B45 /* LaunchScreen.storyboard */ = {
			isa = PBXVariantGroup;
			children = (
				F0E648F6269AB6E900C07B45 /* Base */,
			);
			name = LaunchScreen.storyboard;
			sourceTree = "<group>";
		};
/* End PBXVariantGroup section */

/* Begin XCBuildConfiguration section */
		F0E6490F269AB6E900C07B45 /* Debug */ = {
			isa = XCBuildConfiguration;
			buildSettings = {
				ALWAYS_SEARCH_USER_PATHS = NO;
				CLANG_ANALYZER_NONNULL = YES;
				CLANG_ANALYZER_NUMBER_OBJECT_CONVERSION = YES_AGGRESSIVE;
				CLANG_CXX_LANGUAGE_STANDARD = "gnu++14";
				CLANG_CXX_LIBRARY = "libc++";
				CLANG_ENABLE_MODULES = YES;
				CLANG_ENABLE_OBJC_ARC = YES;
				CLANG_ENABLE_OBJC_WEAK = YES;
				CLANG_WARN_BLOCK_CAPTURE_AUTORELEASING = YES;
				CLANG_WARN_BOOL_CONVERSION = YES;
				CLANG_WARN_COMMA = YES;
				CLANG_WARN_CONSTANT_CONVERSION = YES;
				CLANG_WARN_DEPRECATED_OBJC_IMPLEMENTATIONS = YES;
				CLANG_WARN_DIRECT_OBJC_ISA_USAGE = YES_ERROR;
				CLANG_WARN_DOCUMENTATION_COMMENTS = YES;
				CLANG_WARN_EMPTY_BODY = YES;
				CLANG_WARN_ENUM_CONVERSION = YES;
				CLANG_WARN_INFINITE_RECURSION = YES;
				CLANG_WARN_INT_CONVERSION = YES;
				CLANG_WARN_NON_LITERAL_NULL_CONVERSION = YES;
				CLANG_WARN_OBJC_IMPLICIT_RETAIN_SELF = YES;
				CLANG_WARN_OBJC_LITERAL_CONVERSION = YES;
				CLANG_WARN_OBJC_ROOT_CLASS = YES_ERROR;
				CLANG_WARN_QUOTED_INCLUDE_IN_FRAMEWORK_HEADER = YES;
				CLANG_WARN_RANGE_LOOP_ANALYSIS = YES;
				CLANG_WARN_STRICT_PROTOTYPES = YES;
				CLANG_WARN_SUSPICIOUS_MOVE = YES;
				CLANG_WARN_UNGUARDED_AVAILABILITY = YES_AGGRESSIVE;
				CLANG_WARN_UNREACHABLE_CODE = YES;
				CLANG_WARN__DUPLICATE_METHOD_MATCH = YES;
				COPY_PHASE_STRIP = NO;
				DEBUG_INFORMATION_FORMAT = dwarf;
				ENABLE_STRICT_OBJC_MSGSEND = YES;
				ENABLE_TESTABILITY = YES;
				GCC_C_LANGUAGE_STANDARD = gnu11;
				GCC_DYNAMIC_NO_PIC = NO;
				GCC_NO_COMMON_BLOCKS = YES;
				GCC_OPTIMIZATION_LEVEL = 0;
				GCC_PREPROCESSOR_DEFINITIONS = (
					"DEBUG=1",
					"$(inherited)",
				);
				GCC_WARN_64_TO_32_BIT_CONVERSION = YES;
				GCC_WARN_ABOUT_RETURN_TYPE = YES_ERROR;
				GCC_WARN_UNDECLARED_SELECTOR = YES;
				GCC_WARN_UNINITIALIZED_AUTOS = YES_AGGRESSIVE;
				GCC_WARN_UNUSED_FUNCTION = YES;
				GCC_WARN_UNUSED_VARIABLE = YES;
				IPHONEOS_DEPLOYMENT_TARGET = 13.0;
				MTL_ENABLE_DEBUG_INFO = INCLUDE_SOURCE;
				MTL_FAST_MATH = YES;
				ONLY_ACTIVE_ARCH = YES;
				SDKROOT = iphoneos;
				SWIFT_ACTIVE_COMPILATION_CONDITIONS = DEBUG;
				SWIFT_OPTIMIZATION_LEVEL = "-Onone";
			};
			name = Debug;
		};
		F0E64910269AB6E900C07B45 /* Release */ = {
			isa = XCBuildConfiguration;
			buildSettings = {
				ALWAYS_SEARCH_USER_PATHS = NO;
				CLANG_ANALYZER_NONNULL = YES;
				CLANG_ANALYZER_NUMBER_OBJECT_CONVERSION = YES_AGGRESSIVE;
				CLANG_CXX_LANGUAGE_STANDARD = "gnu++14";
				CLANG_CXX_LIBRARY = "libc++";
				CLANG_ENABLE_MODULES = YES;
				CLANG_ENABLE_OBJC_ARC = YES;
				CLANG_ENABLE_OBJC_WEAK = YES;
				CLANG_WARN_BLOCK_CAPTURE_AUTORELEASING = YES;
				CLANG_WARN_BOOL_CONVERSION = YES;
				CLANG_WARN_COMMA = YES;
				CLANG_WARN_CONSTANT_CONVERSION = YES;
				CLANG_WARN_DEPRECATED_OBJC_IMPLEMENTATIONS = YES;
				CLANG_WARN_DIRECT_OBJC_ISA_USAGE = YES_ERROR;
				CLANG_WARN_DOCUMENTATION_COMMENTS = YES;
				CLANG_WARN_EMPTY_BODY = YES;
				CLANG_WARN_ENUM_CONVERSION = YES;
				CLANG_WARN_INFINITE_RECURSION = YES;
				CLANG_WARN_INT_CONVERSION = YES;
				CLANG_WARN_NON_LITERAL_NULL_CONVERSION = YES;
				CLANG_WARN_OBJC_IMPLICIT_RETAIN_SELF = YES;
				CLANG_WARN_OBJC_LITERAL_CONVERSION = YES;
				CLANG_WARN_OBJC_ROOT_CLASS = YES_ERROR;
				CLANG_WARN_QUOTED_INCLUDE_IN_FRAMEWORK_HEADER = YES;
				CLANG_WARN_RANGE_LOOP_ANALYSIS = YES;
				CLANG_WARN_STRICT_PROTOTYPES = YES;
				CLANG_WARN_SUSPICIOUS_MOVE = YES;
				CLANG_WARN_UNGUARDED_AVAILABILITY = YES_AGGRESSIVE;
				CLANG_WARN_UNREACHABLE_CODE = YES;
				CLANG_WARN__DUPLICATE_METHOD_MATCH = YES;
				COPY_PHASE_STRIP = NO;
				DEBUG_INFORMATION_FORMAT = "dwarf-with-dsym";
				ENABLE_NS_ASSERTIONS = NO;
				ENABLE_STRICT_OBJC_MSGSEND = YES;
				GCC_C_LANGUAGE_STANDARD = gnu11;
				GCC_NO_COMMON_BLOCKS = YES;
				GCC_WARN_64_TO_32_BIT_CONVERSION = YES;
				GCC_WARN_ABOUT_RETURN_TYPE = YES_ERROR;
				GCC_WARN_UNDECLARED_SELECTOR = YES;
				GCC_WARN_UNINITIALIZED_AUTOS = YES_AGGRESSIVE;
				GCC_WARN_UNUSED_FUNCTION = YES;
				GCC_WARN_UNUSED_VARIABLE = YES;
				IPHONEOS_DEPLOYMENT_TARGET = 13.0;
				MTL_ENABLE_DEBUG_INFO = NO;
				MTL_FAST_MATH = YES;
				SDKROOT = iphoneos;
				SWIFT_COMPILATION_MODE = wholemodule;
				SWIFT_OPTIMIZATION_LEVEL = "-O";
				VALIDATE_PRODUCT = YES;
			};
			name = Release;
		};
		F0E64912269AB6E900C07B45 /* Debug */ = {
			isa = XCBuildConfiguration;
			baseConfigurationReference = 5E95C0D27A5E2BB0131EC57F /* Pods-TicTacToe.debug.xcconfig */;
			buildSettings = {
				ASSETCATALOG_COMPILER_APPICON_NAME = AppIcon;
				ASSETCATALOG_COMPILER_GLOBAL_ACCENT_COLOR_NAME = AccentColor;
				CODE_SIGN_STYLE = Automatic;
				INFOPLIST_FILE = "TicTacToe/Supporting files/Info.plist";
				IPHONEOS_DEPLOYMENT_TARGET = 13.0;
				LD_RUNPATH_SEARCH_PATHS = (
					"$(inherited)",
					"@executable_path/Frameworks",
				);
				PRODUCT_BUNDLE_IDENTIFIER = TTT.TicTacToe;
				PRODUCT_NAME = "$(TARGET_NAME)";
				SWIFT_VERSION = 5.0;
				TARGETED_DEVICE_FAMILY = 1;
			};
			name = Debug;
		};
		F0E64913269AB6E900C07B45 /* Release */ = {
			isa = XCBuildConfiguration;
			baseConfigurationReference = 8FDD0BBBB2B98F04B79073D9 /* Pods-TicTacToe.release.xcconfig */;
			buildSettings = {
				ASSETCATALOG_COMPILER_APPICON_NAME = AppIcon;
				ASSETCATALOG_COMPILER_GLOBAL_ACCENT_COLOR_NAME = AccentColor;
				CODE_SIGN_STYLE = Automatic;
				INFOPLIST_FILE = "TicTacToe/Supporting files/Info.plist";
				IPHONEOS_DEPLOYMENT_TARGET = 13.0;
				LD_RUNPATH_SEARCH_PATHS = (
					"$(inherited)",
					"@executable_path/Frameworks",
				);
				PRODUCT_BUNDLE_IDENTIFIER = TTT.TicTacToe;
				PRODUCT_NAME = "$(TARGET_NAME)";
				SWIFT_VERSION = 5.0;
				TARGETED_DEVICE_FAMILY = 1;
			};
			name = Release;
		};
		F0E64915269AB6E900C07B45 /* Debug */ = {
			isa = XCBuildConfiguration;
			baseConfigurationReference = 84D4E3BD551B87ADC25A02CA /* Pods-TicTacToeTests.debug.xcconfig */;
			buildSettings = {
				ALWAYS_EMBED_SWIFT_STANDARD_LIBRARIES = YES;
				BUNDLE_LOADER = "$(TEST_HOST)";
				CODE_SIGN_STYLE = Automatic;
				INFOPLIST_FILE = TicTacToeTests/Info.plist;
				IPHONEOS_DEPLOYMENT_TARGET = 14.5;
				LD_RUNPATH_SEARCH_PATHS = (
					"$(inherited)",
					"@executable_path/Frameworks",
					"@loader_path/Frameworks",
				);
				PRODUCT_BUNDLE_IDENTIFIER = TTT.TicTacToeTests;
				PRODUCT_NAME = "$(TARGET_NAME)";
				SWIFT_VERSION = 5.0;
				TARGETED_DEVICE_FAMILY = "1,2";
				TEST_HOST = "$(BUILT_PRODUCTS_DIR)/TicTacToe.app/TicTacToe";
			};
			name = Debug;
		};
		F0E64916269AB6E900C07B45 /* Release */ = {
			isa = XCBuildConfiguration;
			baseConfigurationReference = 30C4E12ED1E23958C7F66B45 /* Pods-TicTacToeTests.release.xcconfig */;
			buildSettings = {
				ALWAYS_EMBED_SWIFT_STANDARD_LIBRARIES = YES;
				BUNDLE_LOADER = "$(TEST_HOST)";
				CODE_SIGN_STYLE = Automatic;
				INFOPLIST_FILE = TicTacToeTests/Info.plist;
				IPHONEOS_DEPLOYMENT_TARGET = 14.5;
				LD_RUNPATH_SEARCH_PATHS = (
					"$(inherited)",
					"@executable_path/Frameworks",
					"@loader_path/Frameworks",
				);
				PRODUCT_BUNDLE_IDENTIFIER = TTT.TicTacToeTests;
				PRODUCT_NAME = "$(TARGET_NAME)";
				SWIFT_VERSION = 5.0;
				TARGETED_DEVICE_FAMILY = "1,2";
				TEST_HOST = "$(BUILT_PRODUCTS_DIR)/TicTacToe.app/TicTacToe";
			};
			name = Release;
		};
		F0E64918269AB6E900C07B45 /* Debug */ = {
			isa = XCBuildConfiguration;
			baseConfigurationReference = 81A4C43EBE15A42D8AE1343B /* Pods-TicTacToe-TicTacToeUITests.debug.xcconfig */;
			buildSettings = {
				ALWAYS_EMBED_SWIFT_STANDARD_LIBRARIES = YES;
				CODE_SIGN_STYLE = Automatic;
				INFOPLIST_FILE = TicTacToeUITests/Info.plist;
				LD_RUNPATH_SEARCH_PATHS = (
					"$(inherited)",
					"@executable_path/Frameworks",
					"@loader_path/Frameworks",
				);
				PRODUCT_BUNDLE_IDENTIFIER = TTT.TicTacToeUITests;
				PRODUCT_NAME = "$(TARGET_NAME)";
				SWIFT_VERSION = 5.0;
				TARGETED_DEVICE_FAMILY = "1,2";
				TEST_TARGET_NAME = TicTacToe;
			};
			name = Debug;
		};
		F0E64919269AB6E900C07B45 /* Release */ = {
			isa = XCBuildConfiguration;
			baseConfigurationReference = 367EAB6475AD3F73AD1E6E2E /* Pods-TicTacToe-TicTacToeUITests.release.xcconfig */;
			buildSettings = {
				ALWAYS_EMBED_SWIFT_STANDARD_LIBRARIES = YES;
				CODE_SIGN_STYLE = Automatic;
				INFOPLIST_FILE = TicTacToeUITests/Info.plist;
				LD_RUNPATH_SEARCH_PATHS = (
					"$(inherited)",
					"@executable_path/Frameworks",
					"@loader_path/Frameworks",
				);
				PRODUCT_BUNDLE_IDENTIFIER = TTT.TicTacToeUITests;
				PRODUCT_NAME = "$(TARGET_NAME)";
				SWIFT_VERSION = 5.0;
				TARGETED_DEVICE_FAMILY = "1,2";
				TEST_TARGET_NAME = TicTacToe;
			};
			name = Release;
		};
/* End XCBuildConfiguration section */

/* Begin XCConfigurationList section */
		F0E648E2269AB6E600C07B45 /* Build configuration list for PBXProject "TicTacToe" */ = {
			isa = XCConfigurationList;
			buildConfigurations = (
				F0E6490F269AB6E900C07B45 /* Debug */,
				F0E64910269AB6E900C07B45 /* Release */,
			);
			defaultConfigurationIsVisible = 0;
			defaultConfigurationName = Release;
		};
		F0E64911269AB6E900C07B45 /* Build configuration list for PBXNativeTarget "TicTacToe" */ = {
			isa = XCConfigurationList;
			buildConfigurations = (
				F0E64912269AB6E900C07B45 /* Debug */,
				F0E64913269AB6E900C07B45 /* Release */,
			);
			defaultConfigurationIsVisible = 0;
			defaultConfigurationName = Release;
		};
		F0E64914269AB6E900C07B45 /* Build configuration list for PBXNativeTarget "TicTacToeTests" */ = {
			isa = XCConfigurationList;
			buildConfigurations = (
				F0E64915269AB6E900C07B45 /* Debug */,
				F0E64916269AB6E900C07B45 /* Release */,
			);
			defaultConfigurationIsVisible = 0;
			defaultConfigurationName = Release;
		};
		F0E64917269AB6E900C07B45 /* Build configuration list for PBXNativeTarget "TicTacToeUITests" */ = {
			isa = XCConfigurationList;
			buildConfigurations = (
				F0E64918269AB6E900C07B45 /* Debug */,
				F0E64919269AB6E900C07B45 /* Release */,
			);
			defaultConfigurationIsVisible = 0;
			defaultConfigurationName = Release;
		};
/* End XCConfigurationList section */
	};
	rootObject = F0E648DF269AB6E600C07B45 /* Project object */;
}
